
Microsoft Visual Studio Solution File, Format Version 12.00
# Visual Studio Version 17
VisualStudioVersion = 17.11.35312.102
MinimumVisualStudioVersion = 10.0.40219.1
Project("{8BC9CEB8-8B4A-11D0-8D11-00A0C91BC942}") = "Chasse_Tresor", "Chasse_Tresor\Chasse_Tresor.vcxproj", "{522717B5-A6B7-4BD7-B96D-3E7E3399CBC2}"
EndProject
Global
	GlobalSection(SolutionConfigurationPlatforms) = preSolution
		Debug|x64 = Debug|x64
		Debug|x86 = Debug|x86
		Release|x64 = Release|x64
		Release|x86 = Release|x86
	EndGlobalSection
	GlobalSection(ProjectConfigurationPlatforms) = postSolution
		{522717B5-A6B7-4BD7-B96D-3E7E3399CBC2}.Debug|x64.ActiveCfg = Debug|x64
		{522717B5-A6B7-4BD7-B96D-3E7E3399CBC2}.Debug|x64.Build.0 = Debug|x64
		{522717B5-A6B7-4BD7-B96D-3E7E3399CBC2}.Debug|x86.ActiveCfg = Debug|Win32
		{522717B5-A6B7-4BD7-B96D-3E7E3399CBC2}.Debug|x86.Build.0 = Debug|Win32
		{522717B5-A6B7-4BD7-B96D-3E7E3399CBC2}.Release|x64.ActiveCfg = Release|x64
		{522717B5-A6B7-4BD7-B96D-3E7E3399CBC2}.Release|x64.Build.0 = Release|x64
		{522717B5-A6B7-4BD7-B96D-3E7E3399CBC2}.Release|x86.ActiveCfg = Release|Win32
		{522717B5-A6B7-4BD7-B96D-3E7E3399CBC2}.Release|x86.Build.0 = Release|Win32
	EndGlobalSection
	GlobalSection(SolutionProperties) = preSolution
		HideSolutionNode = FALSE
	EndGlobalSection
	GlobalSection(ExtensibilityGlobals) = postSolution
		SolutionGuid = {E708461E-874A-4F34-9FE9-302A2FF24318}
	EndGlobalSection
EndGlobal
